
Microsoft Visual Studio Solution File, Format Version 9.00
# Visual C++ Express 2005
Project("{8BC9CEB8-8B4A-11D0-8D11-00A0C91BC942}") = "QueryConditionData", "QueryConditionData\QueryConditionData.vcproj", "{5BC93309-C66A-4CF4-B7FC-F6D3EBFEF9A6}"
EndProject
Project("{8BC9CEB8-8B4A-11D0-8D11-00A0C91BC942}") = "QueryConditionDataQuerySubscriber", "QueryConditionDataQuerySubscriber\QueryConditionDataQuerySubscriber.vcproj", "{A8071B6A-070A-492F-A7C7-10C2D7DD1068}"
	ProjectSection(ProjectDependencies) = postProject
		{5BC93309-C66A-4CF4-B7FC-F6D3EBFEF9A6} = {5BC93309-C66A-4CF4-B7FC-F6D3EBFEF9A6}
	EndProjectSection
EndProject
Project("{8BC9CEB8-8B4A-11D0-8D11-00A0C91BC942}") = "QueryConditionDataPublisher", "QueryConditionDataPublisher\QueryConditionDataPublisher.vcproj", "{7DFADE55-3658-4A36-8F16-15D600E8B43C}"
	ProjectSection(ProjectDependencies) = postProject
		{5BC93309-C66A-4CF4-B7FC-F6D3EBFEF9A6} = {5BC93309-C66A-4CF4-B7FC-F6D3EBFEF9A6}
	EndProjectSection
EndProject
Global
	GlobalSection(SolutionConfigurationPlatforms) = preSolution
		Debug|Win32 = Debug|Win32
		Release|Win32 = Release|Win32
	EndGlobalSection
	GlobalSection(ProjectConfigurationPlatforms) = postSolution
		{5BC93309-C66A-4CF4-B7FC-F6D3EBFEF9A6}.Debug|Win32.ActiveCfg = Debug|Win32
		{5BC93309-C66A-4CF4-B7FC-F6D3EBFEF9A6}.Debug|Win32.Build.0 = Debug|Win32
		{5BC93309-C66A-4CF4-B7FC-F6D3EBFEF9A6}.Release|Win32.ActiveCfg = Release|Win32
		{5BC93309-C66A-4CF4-B7FC-F6D3EBFEF9A6}.Release|Win32.Build.0 = Release|Win32
		{A8071B6A-070A-492F-A7C7-10C2D7DD1068}.Debug|Win32.ActiveCfg = Debug|Win32
		{A8071B6A-070A-492F-A7C7-10C2D7DD1068}.Debug|Win32.Build.0 = Debug|Win32
		{A8071B6A-070A-492F-A7C7-10C2D7DD1068}.Release|Win32.ActiveCfg = Release|Win32
		{A8071B6A-070A-492F-A7C7-10C2D7DD1068}.Release|Win32.Build.0 = Release|Win32
		{7DFADE55-3658-4A36-8F16-15D600E8B43C}.Debug|Win32.ActiveCfg = Debug|Win32
		{7DFADE55-3658-4A36-8F16-15D600E8B43C}.Debug|Win32.Build.0 = Debug|Win32
		{7DFADE55-3658-4A36-8F16-15D600E8B43C}.Release|Win32.ActiveCfg = Release|Win32
		{7DFADE55-3658-4A36-8F16-15D600E8B43C}.Release|Win32.Build.0 = Release|Win32
	EndGlobalSection
	GlobalSection(SolutionProperties) = preSolution
		HideSolutionNode = FALSE
	EndGlobalSection
EndGlobal
