
Microsoft Visual Studio Solution File, Format Version 9.00
# Visual Studio 2005
# $Id: VC8WorkspaceCreator.pm,v 1.1.1.1 2008-03-11 15:43:55 vz Exp $
#
# This file was generated by MPC.  Any changes made directly to
# this file will be lost the next time it is generated.
#
# MPC Command:
# f:\worgit\TAO161_0-Windows-vc8-inline-32bit-091104\bin\mwc.pl -type vc8 -include ..\..\MPC\config -noreldefs
Project("{8BC9CEB8-8B4A-11D0-8D11-00A0C91BC942}") = "ccpp_alldatadisposedlistener_dds1619_idl", "alldatadisposedlistener_dds1619\ccpp_alldatadisposedlistener_dds1619_idl.vcproj", "{67A2C531-FECA-1BAD-BE19-FFFD8328F0FE}"
	ProjectSection(ProjectDependencies) = postProject
		{91265E73-FECA-1BAD-2AF0-F8474926410B} = {91265E73-FECA-1BAD-2AF0-F8474926410B}
	EndProjectSection
EndProject
Project("{8BC9CEB8-8B4A-11D0-8D11-00A0C91BC942}") = "ccpp_alldatadisposedlistener_dds1619_proc1", "alldatadisposedlistener_dds1619\ccpp_alldatadisposedlistener_dds1619_proc1.vcproj", "{9FB45984-FECA-1BAD-BE19-FFFD8328F0FE}"
	ProjectSection(ProjectDependencies) = postProject
		{67A2C531-FECA-1BAD-BE19-FFFD8328F0FE} = {67A2C531-FECA-1BAD-BE19-FFFD8328F0FE}
	EndProjectSection
EndProject
Project("{8BC9CEB8-8B4A-11D0-8D11-00A0C91BC942}") = "ccpp_alldatadisposedlistener_dds1619_proc2", "alldatadisposedlistener_dds1619\ccpp_alldatadisposedlistener_dds1619_proc2.vcproj", "{AFB45984-FECA-1BAD-BE19-FFFD8328F0FE}"
	ProjectSection(ProjectDependencies) = postProject
		{67A2C531-FECA-1BAD-BE19-FFFD8328F0FE} = {67A2C531-FECA-1BAD-BE19-FFFD8328F0FE}
	EndProjectSection
EndProject
Project("{8BC9CEB8-8B4A-11D0-8D11-00A0C91BC942}") = "ccpp_hello_idl", "hello\ccpp_hello_idl.vcproj", "{0ACB9A31-FECA-1BAD-3AAD-8A0DE5988CE1}"
	ProjectSection(ProjectDependencies) = postProject
		{91265E73-FECA-1BAD-2AF0-F8474926410B} = {91265E73-FECA-1BAD-2AF0-F8474926410B}
	EndProjectSection
EndProject
Project("{8BC9CEB8-8B4A-11D0-8D11-00A0C91BC942}") = "ccpp_hello_pub", "hello\ccpp_hello_pub.vcproj", "{EACB9BB0-FECA-1BAD-3AAD-8A0DE5988CE1}"
	ProjectSection(ProjectDependencies) = postProject
		{0ACB9A31-FECA-1BAD-3AAD-8A0DE5988CE1} = {0ACB9A31-FECA-1BAD-3AAD-8A0DE5988CE1}
	EndProjectSection
EndProject
Project("{8BC9CEB8-8B4A-11D0-8D11-00A0C91BC942}") = "ccpp_hello_sub", "hello\ccpp_hello_sub.vcproj", "{EACB9B80-FECA-1BAD-3AAD-8A0DE5988CE1}"
	ProjectSection(ProjectDependencies) = postProject
		{0ACB9A31-FECA-1BAD-3AAD-8A0DE5988CE1} = {0ACB9A31-FECA-1BAD-3AAD-8A0DE5988CE1}
	EndProjectSection
EndProject
Project("{8BC9CEB8-8B4A-11D0-8D11-00A0C91BC942}") = "sacpp_idlpp_bug_684", "idlpp_bug_684\sacpp_idlpp_bug_684.vcproj", "{770EAD21-FECA-1BAD-EEC3-1F3E70AB588F}"
EndProject
Project("{8BC9CEB8-8B4A-11D0-8D11-00A0C91BC942}") = "ccpp_net_compression_dds1578_idl", "net_compression_dds1578\ccpp_net_compression_dds1578_idl.vcproj", "{D287EA8B-FECA-1BAD-EC4B-04567883A2AC}"
	ProjectSection(ProjectDependencies) = postProject
		{91265E73-FECA-1BAD-2AF0-F8474926410B} = {91265E73-FECA-1BAD-2AF0-F8474926410B}
	EndProjectSection
EndProject
Project("{8BC9CEB8-8B4A-11D0-8D11-00A0C91BC942}") = "ccpp_net_compression_dds1578_pub", "net_compression_dds1578\ccpp_net_compression_dds1578_pub.vcproj", "{3287EB0A-FECA-1BAD-EC4B-04567883A2AC}"
	ProjectSection(ProjectDependencies) = postProject
		{D287EA8B-FECA-1BAD-EC4B-04567883A2AC} = {D287EA8B-FECA-1BAD-EC4B-04567883A2AC}
	EndProjectSection
EndProject
Project("{8BC9CEB8-8B4A-11D0-8D11-00A0C91BC942}") = "ccpp_net_compression_dds1578_sub", "net_compression_dds1578\ccpp_net_compression_dds1578_sub.vcproj", "{3287EB3A-FECA-1BAD-EC4B-04567883A2AC}"
	ProjectSection(ProjectDependencies) = postProject
		{D287EA8B-FECA-1BAD-EC4B-04567883A2AC} = {D287EA8B-FECA-1BAD-EC4B-04567883A2AC}
	EndProjectSection
EndProject
Project("{8BC9CEB8-8B4A-11D0-8D11-00A0C91BC942}") = "ospl_testlib", "testlibs\ospl_testlib.vcproj", "{91265E73-FECA-1BAD-2AF0-F8474926410B}"
EndProject
Global
	GlobalSection(SolutionConfigurationPlatforms) = preSolution
		Debug|Win32 = Debug|Win32
		Debug|x64 = Debug|x64
		Release|Win32 = Release|Win32
		Release|x64 = Release|x64
	EndGlobalSection
	GlobalSection(ProjectConfigurationPlatforms) = postSolution
		{67A2C531-FECA-1BAD-BE19-FFFD8328F0FE}.Debug|Win32.ActiveCfg = Debug|Win32
		{67A2C531-FECA-1BAD-BE19-FFFD8328F0FE}.Debug|Win32.Build.0 = Debug|Win32
		{67A2C531-FECA-1BAD-BE19-FFFD8328F0FE}.Debug|x64.ActiveCfg = Debug|x64
		{67A2C531-FECA-1BAD-BE19-FFFD8328F0FE}.Debug|x64.Build.0 = Debug|x64
		{67A2C531-FECA-1BAD-BE19-FFFD8328F0FE}.Release|Win32.ActiveCfg = Release|Win32
		{67A2C531-FECA-1BAD-BE19-FFFD8328F0FE}.Release|Win32.Build.0 = Release|Win32
		{67A2C531-FECA-1BAD-BE19-FFFD8328F0FE}.Release|x64.ActiveCfg = Release|x64
		{67A2C531-FECA-1BAD-BE19-FFFD8328F0FE}.Release|x64.Build.0 = Release|x64
		{9FB45984-FECA-1BAD-BE19-FFFD8328F0FE}.Debug|Win32.ActiveCfg = Debug|Win32
		{9FB45984-FECA-1BAD-BE19-FFFD8328F0FE}.Debug|Win32.Build.0 = Debug|Win32
		{9FB45984-FECA-1BAD-BE19-FFFD8328F0FE}.Debug|x64.ActiveCfg = Debug|x64
		{9FB45984-FECA-1BAD-BE19-FFFD8328F0FE}.Debug|x64.Build.0 = Debug|x64
		{9FB45984-FECA-1BAD-BE19-FFFD8328F0FE}.Release|Win32.ActiveCfg = Release|Win32
		{9FB45984-FECA-1BAD-BE19-FFFD8328F0FE}.Release|Win32.Build.0 = Release|Win32
		{9FB45984-FECA-1BAD-BE19-FFFD8328F0FE}.Release|x64.ActiveCfg = Release|x64
		{9FB45984-FECA-1BAD-BE19-FFFD8328F0FE}.Release|x64.Build.0 = Release|x64
		{AFB45984-FECA-1BAD-BE19-FFFD8328F0FE}.Debug|Win32.ActiveCfg = Debug|Win32
		{AFB45984-FECA-1BAD-BE19-FFFD8328F0FE}.Debug|Win32.Build.0 = Debug|Win32
		{AFB45984-FECA-1BAD-BE19-FFFD8328F0FE}.Debug|x64.ActiveCfg = Debug|x64
		{AFB45984-FECA-1BAD-BE19-FFFD8328F0FE}.Debug|x64.Build.0 = Debug|x64
		{AFB45984-FECA-1BAD-BE19-FFFD8328F0FE}.Release|Win32.ActiveCfg = Release|Win32
		{AFB45984-FECA-1BAD-BE19-FFFD8328F0FE}.Release|Win32.Build.0 = Release|Win32
		{AFB45984-FECA-1BAD-BE19-FFFD8328F0FE}.Release|x64.ActiveCfg = Release|x64
		{AFB45984-FECA-1BAD-BE19-FFFD8328F0FE}.Release|x64.Build.0 = Release|x64
		{0ACB9A31-FECA-1BAD-3AAD-8A0DE5988CE1}.Debug|Win32.ActiveCfg = Debug|Win32
		{0ACB9A31-FECA-1BAD-3AAD-8A0DE5988CE1}.Debug|Win32.Build.0 = Debug|Win32
		{0ACB9A31-FECA-1BAD-3AAD-8A0DE5988CE1}.Debug|x64.ActiveCfg = Debug|x64
		{0ACB9A31-FECA-1BAD-3AAD-8A0DE5988CE1}.Debug|x64.Build.0 = Debug|x64
		{0ACB9A31-FECA-1BAD-3AAD-8A0DE5988CE1}.Release|Win32.ActiveCfg = Release|Win32
		{0ACB9A31-FECA-1BAD-3AAD-8A0DE5988CE1}.Release|Win32.Build.0 = Release|Win32
		{0ACB9A31-FECA-1BAD-3AAD-8A0DE5988CE1}.Release|x64.ActiveCfg = Release|x64
		{0ACB9A31-FECA-1BAD-3AAD-8A0DE5988CE1}.Release|x64.Build.0 = Release|x64
		{EACB9BB0-FECA-1BAD-3AAD-8A0DE5988CE1}.Debug|Win32.ActiveCfg = Debug|Win32
		{EACB9BB0-FECA-1BAD-3AAD-8A0DE5988CE1}.Debug|Win32.Build.0 = Debug|Win32
		{EACB9BB0-FECA-1BAD-3AAD-8A0DE5988CE1}.Debug|x64.ActiveCfg = Debug|x64
		{EACB9BB0-FECA-1BAD-3AAD-8A0DE5988CE1}.Debug|x64.Build.0 = Debug|x64
		{EACB9BB0-FECA-1BAD-3AAD-8A0DE5988CE1}.Release|Win32.ActiveCfg = Release|Win32
		{EACB9BB0-FECA-1BAD-3AAD-8A0DE5988CE1}.Release|Win32.Build.0 = Release|Win32
		{EACB9BB0-FECA-1BAD-3AAD-8A0DE5988CE1}.Release|x64.ActiveCfg = Release|x64
		{EACB9BB0-FECA-1BAD-3AAD-8A0DE5988CE1}.Release|x64.Build.0 = Release|x64
		{EACB9B80-FECA-1BAD-3AAD-8A0DE5988CE1}.Debug|Win32.ActiveCfg = Debug|Win32
		{EACB9B80-FECA-1BAD-3AAD-8A0DE5988CE1}.Debug|Win32.Build.0 = Debug|Win32
		{EACB9B80-FECA-1BAD-3AAD-8A0DE5988CE1}.Debug|x64.ActiveCfg = Debug|x64
		{EACB9B80-FECA-1BAD-3AAD-8A0DE5988CE1}.Debug|x64.Build.0 = Debug|x64
		{EACB9B80-FECA-1BAD-3AAD-8A0DE5988CE1}.Release|Win32.ActiveCfg = Release|Win32
		{EACB9B80-FECA-1BAD-3AAD-8A0DE5988CE1}.Release|Win32.Build.0 = Release|Win32
		{EACB9B80-FECA-1BAD-3AAD-8A0DE5988CE1}.Release|x64.ActiveCfg = Release|x64
		{EACB9B80-FECA-1BAD-3AAD-8A0DE5988CE1}.Release|x64.Build.0 = Release|x64
		{770EAD21-FECA-1BAD-EEC3-1F3E70AB588F}.Debug|Win32.ActiveCfg = Debug|Win32
		{770EAD21-FECA-1BAD-EEC3-1F3E70AB588F}.Debug|Win32.Build.0 = Debug|Win32
		{770EAD21-FECA-1BAD-EEC3-1F3E70AB588F}.Debug|x64.ActiveCfg = Debug|x64
		{770EAD21-FECA-1BAD-EEC3-1F3E70AB588F}.Debug|x64.Build.0 = Debug|x64
		{770EAD21-FECA-1BAD-EEC3-1F3E70AB588F}.Release|Win32.ActiveCfg = Release|Win32
		{770EAD21-FECA-1BAD-EEC3-1F3E70AB588F}.Release|Win32.Build.0 = Release|Win32
		{770EAD21-FECA-1BAD-EEC3-1F3E70AB588F}.Release|x64.ActiveCfg = Release|x64
		{770EAD21-FECA-1BAD-EEC3-1F3E70AB588F}.Release|x64.Build.0 = Release|x64
		{D287EA8B-FECA-1BAD-EC4B-04567883A2AC}.Debug|Win32.ActiveCfg = Debug|Win32
		{D287EA8B-FECA-1BAD-EC4B-04567883A2AC}.Debug|Win32.Build.0 = Debug|Win32
		{D287EA8B-FECA-1BAD-EC4B-04567883A2AC}.Debug|x64.ActiveCfg = Debug|x64
		{D287EA8B-FECA-1BAD-EC4B-04567883A2AC}.Debug|x64.Build.0 = Debug|x64
		{D287EA8B-FECA-1BAD-EC4B-04567883A2AC}.Release|Win32.ActiveCfg = Release|Win32
		{D287EA8B-FECA-1BAD-EC4B-04567883A2AC}.Release|Win32.Build.0 = Release|Win32
		{D287EA8B-FECA-1BAD-EC4B-04567883A2AC}.Release|x64.ActiveCfg = Release|x64
		{D287EA8B-FECA-1BAD-EC4B-04567883A2AC}.Release|x64.Build.0 = Release|x64
		{3287EB0A-FECA-1BAD-EC4B-04567883A2AC}.Debug|Win32.ActiveCfg = Debug|Win32
		{3287EB0A-FECA-1BAD-EC4B-04567883A2AC}.Debug|Win32.Build.0 = Debug|Win32
		{3287EB0A-FECA-1BAD-EC4B-04567883A2AC}.Debug|x64.ActiveCfg = Debug|x64
		{3287EB0A-FECA-1BAD-EC4B-04567883A2AC}.Debug|x64.Build.0 = Debug|x64
		{3287EB0A-FECA-1BAD-EC4B-04567883A2AC}.Release|Win32.ActiveCfg = Release|Win32
		{3287EB0A-FECA-1BAD-EC4B-04567883A2AC}.Release|Win32.Build.0 = Release|Win32
		{3287EB0A-FECA-1BAD-EC4B-04567883A2AC}.Release|x64.ActiveCfg = Release|x64
		{3287EB0A-FECA-1BAD-EC4B-04567883A2AC}.Release|x64.Build.0 = Release|x64
		{3287EB3A-FECA-1BAD-EC4B-04567883A2AC}.Debug|Win32.ActiveCfg = Debug|Win32
		{3287EB3A-FECA-1BAD-EC4B-04567883A2AC}.Debug|Win32.Build.0 = Debug|Win32
		{3287EB3A-FECA-1BAD-EC4B-04567883A2AC}.Debug|x64.ActiveCfg = Debug|x64
		{3287EB3A-FECA-1BAD-EC4B-04567883A2AC}.Debug|x64.Build.0 = Debug|x64
		{3287EB3A-FECA-1BAD-EC4B-04567883A2AC}.Release|Win32.ActiveCfg = Release|Win32
		{3287EB3A-FECA-1BAD-EC4B-04567883A2AC}.Release|Win32.Build.0 = Release|Win32
		{3287EB3A-FECA-1BAD-EC4B-04567883A2AC}.Release|x64.ActiveCfg = Release|x64
		{3287EB3A-FECA-1BAD-EC4B-04567883A2AC}.Release|x64.Build.0 = Release|x64
		{91265E73-FECA-1BAD-2AF0-F8474926410B}.Debug|Win32.ActiveCfg = Debug|Win32
		{91265E73-FECA-1BAD-2AF0-F8474926410B}.Debug|Win32.Build.0 = Debug|Win32
		{91265E73-FECA-1BAD-2AF0-F8474926410B}.Debug|x64.ActiveCfg = Debug|x64
		{91265E73-FECA-1BAD-2AF0-F8474926410B}.Debug|x64.Build.0 = Debug|x64
		{91265E73-FECA-1BAD-2AF0-F8474926410B}.Release|Win32.ActiveCfg = Release|Win32
		{91265E73-FECA-1BAD-2AF0-F8474926410B}.Release|Win32.Build.0 = Release|Win32
		{91265E73-FECA-1BAD-2AF0-F8474926410B}.Release|x64.ActiveCfg = Release|x64
		{91265E73-FECA-1BAD-2AF0-F8474926410B}.Release|x64.Build.0 = Release|x64
	EndGlobalSection
	GlobalSection(SolutionProperties) = preSolution
		HideSolutionNode = FALSE
	EndGlobalSection
EndGlobal
