
Microsoft Visual Studio Solution File, Format Version 9.00
# Visual Studio 2005
Project("{FAE04EC0-301F-11D3-BF4B-00C04F79EFBC}") = "BuiltInTopicsDataSubscriber", "BuiltInTopicsDataSubscriber\BuiltInTopicsDataSubscriber.csproj", "{CC957C4B-CCFF-4651-BA77-C1B3E1A447CA}"
EndProject
Global
	GlobalSection(SolutionConfigurationPlatforms) = preSolution
		Debug|Any CPU = Debug|Any CPU
		Release|Any CPU = Release|Any CPU
	EndGlobalSection
	GlobalSection(ProjectConfigurationPlatforms) = postSolution
		{CC957C4B-CCFF-4651-BA77-C1B3E1A447CA}.Debug|Any CPU.ActiveCfg = Debug|Any CPU
		{CC957C4B-CCFF-4651-BA77-C1B3E1A447CA}.Debug|Any CPU.Build.0 = Debug|Any CPU
		{CC957C4B-CCFF-4651-BA77-C1B3E1A447CA}.Release|Any CPU.ActiveCfg = Release|Any CPU
		{CC957C4B-CCFF-4651-BA77-C1B3E1A447CA}.Release|Any CPU.Build.0 = Release|Any CPU
	EndGlobalSection
	GlobalSection(SolutionProperties) = preSolution
		HideSolutionNode = FALSE
	EndGlobalSection
EndGlobal
