
Microsoft Visual Studio Solution File, Format Version 9.00
# Visual Studio 2005
Project("{FAE04EC0-301F-11D3-BF4B-00C04F79EFBC}") = "Chatter", "Chatter\Chatter.csproj", "{165A4EC7-2E5E-4DD6-A776-216CDD36E7C5}"
EndProject
Project("{FAE04EC0-301F-11D3-BF4B-00C04F79EFBC}") = "MessageBoard", "MessageBoard\MessageBoard.csproj", "{445D0F80-55E5-4553-97D9-784B99BDECFD}"
EndProject
Project("{FAE04EC0-301F-11D3-BF4B-00C04F79EFBC}") = "UserLoad", "UserLoad\UserLoad.csproj", "{D8355B89-371C-4CC7-B89C-A0A732E6FB4A}"
EndProject
Global
	GlobalSection(SolutionConfigurationPlatforms) = preSolution
		Debug|Any CPU = Debug|Any CPU
		Release|Any CPU = Release|Any CPU
	EndGlobalSection
	GlobalSection(ProjectConfigurationPlatforms) = postSolution
		{165A4EC7-2E5E-4DD6-A776-216CDD36E7C5}.Debug|Any CPU.ActiveCfg = Debug|Any CPU
		{165A4EC7-2E5E-4DD6-A776-216CDD36E7C5}.Debug|Any CPU.Build.0 = Debug|Any CPU
		{165A4EC7-2E5E-4DD6-A776-216CDD36E7C5}.Release|Any CPU.ActiveCfg = Release|Any CPU
		{165A4EC7-2E5E-4DD6-A776-216CDD36E7C5}.Release|Any CPU.Build.0 = Release|Any CPU
		{445D0F80-55E5-4553-97D9-784B99BDECFD}.Debug|Any CPU.ActiveCfg = Debug|Any CPU
		{445D0F80-55E5-4553-97D9-784B99BDECFD}.Debug|Any CPU.Build.0 = Debug|Any CPU
		{445D0F80-55E5-4553-97D9-784B99BDECFD}.Release|Any CPU.ActiveCfg = Release|Any CPU
		{445D0F80-55E5-4553-97D9-784B99BDECFD}.Release|Any CPU.Build.0 = Release|Any CPU
		{D8355B89-371C-4CC7-B89C-A0A732E6FB4A}.Debug|Any CPU.ActiveCfg = Debug|Any CPU
		{D8355B89-371C-4CC7-B89C-A0A732E6FB4A}.Debug|Any CPU.Build.0 = Debug|Any CPU
		{D8355B89-371C-4CC7-B89C-A0A732E6FB4A}.Release|Any CPU.ActiveCfg = Release|Any CPU
		{D8355B89-371C-4CC7-B89C-A0A732E6FB4A}.Release|Any CPU.Build.0 = Release|Any CPU
	EndGlobalSection
	GlobalSection(SolutionProperties) = preSolution
		HideSolutionNode = FALSE
	EndGlobalSection
EndGlobal
