Microsoft Visual Studio Solution File, Format Version 9.00
# Visual Studio 2005
Project("{FAE04EC0-301F-11D3-BF4B-00C04F79EFBC}") = "HelloWorldData", "HelloWorldData\HelloWorldData.csproj", "{4589B1F7-60F1-4F82-955D-FA527DA7CB9F}"
EndProject
Project("{FAE04EC0-301F-11D3-BF4B-00C04F79EFBC}") = "HelloWorldDataPublisher", "HelloWorldDataPublisher\HelloWorldDataPublisher.csproj", "{F4C0187F-5780-4BB2-BD37-EA9DF6D675AD}"
	ProjectSection(ProjectDependencies) = postProject
		{4589B1F7-60F1-4F82-955D-FA527DA7CB9F} = {4589B1F7-60F1-4F82-955D-FA527DA7CB9F}
	EndProjectSection
EndProject
Project("{FAE04EC0-301F-11D3-BF4B-00C04F79EFBC}") = "HelloWorldDataSubscriber", "HelloWorldDataSubscriber\HelloWorldDataSubscriber.csproj", "{D1A16484-6AC9-4947-BCC4-1B70647F1060}"
	ProjectSection(ProjectDependencies) = postProject
		{4589B1F7-60F1-4F82-955D-FA527DA7CB9F} = {4589B1F7-60F1-4F82-955D-FA527DA7CB9F}
	EndProjectSection
EndProject
Global
	GlobalSection(SolutionConfigurationPlatforms) = preSolution
		Debug|Any CPU = Debug|Any CPU
		Release|Any CPU = Release|Any CPU
	EndGlobalSection
	GlobalSection(ProjectConfigurationPlatforms) = postSolution
		{4589B1F7-60F1-4F82-955D-FA527DA7CB9F}.Debug|Any CPU.ActiveCfg = Debug|Any CPU
		{4589B1F7-60F1-4F82-955D-FA527DA7CB9F}.Debug|Any CPU.Build.0 = Debug|Any CPU
		{4589B1F7-60F1-4F82-955D-FA527DA7CB9F}.Release|Any CPU.ActiveCfg = Release|Any CPU
		{4589B1F7-60F1-4F82-955D-FA527DA7CB9F}.Release|Any CPU.Build.0 = Release|Any CPU
		{F4C0187F-5780-4BB2-BD37-EA9DF6D675AD}.Debug|Any CPU.ActiveCfg = Debug|Any CPU
		{F4C0187F-5780-4BB2-BD37-EA9DF6D675AD}.Debug|Any CPU.Build.0 = Debug|Any CPU
		{F4C0187F-5780-4BB2-BD37-EA9DF6D675AD}.Release|Any CPU.ActiveCfg = Release|Any CPU
		{F4C0187F-5780-4BB2-BD37-EA9DF6D675AD}.Release|Any CPU.Build.0 = Release|Any CPU
		{D1A16484-6AC9-4947-BCC4-1B70647F1060}.Debug|Any CPU.ActiveCfg = Debug|Any CPU
		{D1A16484-6AC9-4947-BCC4-1B70647F1060}.Debug|Any CPU.Build.0 = Debug|Any CPU
		{D1A16484-6AC9-4947-BCC4-1B70647F1060}.Release|Any CPU.ActiveCfg = Release|Any CPU
		{D1A16484-6AC9-4947-BCC4-1B70647F1060}.Release|Any CPU.Build.0 = Release|Any CPU
	EndGlobalSection
	GlobalSection(SolutionProperties) = preSolution
		HideSolutionNode = FALSE
	EndGlobalSection
EndGlobal
