
Microsoft Visual Studio Solution File, Format Version 9.00
# Visual Studio 2005
Project("{FAE04EC0-301F-11D3-BF4B-00C04F79EFBC}") = "ListenerData", "ListenerData\ListenerData.csproj", "{8DD0A7B1-805D-40F2-9A28-3F637D3D5BEA}"
EndProject
Project("{FAE04EC0-301F-11D3-BF4B-00C04F79EFBC}") = "ListenerDataPublisher", "ListenerDataPublisher\ListenerDataPublisher.csproj", "{B2F98A40-5BDF-43BC-A9B5-C8760ED9FAD4}"
EndProject
Project("{FAE04EC0-301F-11D3-BF4B-00C04F79EFBC}") = "ListenerDataSubscriber", "ListenerDataSubscriber\ListenerDataSubscriber.csproj", "{653F99AF-B723-49C7-A3E8-33D91F137076}"
EndProject
Global
	GlobalSection(SolutionConfigurationPlatforms) = preSolution
		Debug|Any CPU = Debug|Any CPU
		Release|Any CPU = Release|Any CPU
	EndGlobalSection
	GlobalSection(ProjectConfigurationPlatforms) = postSolution
		{8DD0A7B1-805D-40F2-9A28-3F637D3D5BEA}.Debug|Any CPU.ActiveCfg = Debug|Any CPU
		{8DD0A7B1-805D-40F2-9A28-3F637D3D5BEA}.Debug|Any CPU.Build.0 = Debug|Any CPU
		{8DD0A7B1-805D-40F2-9A28-3F637D3D5BEA}.Release|Any CPU.ActiveCfg = Release|Any CPU
		{8DD0A7B1-805D-40F2-9A28-3F637D3D5BEA}.Release|Any CPU.Build.0 = Release|Any CPU
		{B2F98A40-5BDF-43BC-A9B5-C8760ED9FAD4}.Debug|Any CPU.ActiveCfg = Debug|Any CPU
		{B2F98A40-5BDF-43BC-A9B5-C8760ED9FAD4}.Debug|Any CPU.Build.0 = Debug|Any CPU
		{B2F98A40-5BDF-43BC-A9B5-C8760ED9FAD4}.Release|Any CPU.ActiveCfg = Release|Any CPU
		{B2F98A40-5BDF-43BC-A9B5-C8760ED9FAD4}.Release|Any CPU.Build.0 = Release|Any CPU
		{653F99AF-B723-49C7-A3E8-33D91F137076}.Debug|Any CPU.ActiveCfg = Debug|Any CPU
		{653F99AF-B723-49C7-A3E8-33D91F137076}.Debug|Any CPU.Build.0 = Debug|Any CPU
		{653F99AF-B723-49C7-A3E8-33D91F137076}.Release|Any CPU.ActiveCfg = Release|Any CPU
		{653F99AF-B723-49C7-A3E8-33D91F137076}.Release|Any CPU.Build.0 = Release|Any CPU
	EndGlobalSection
	GlobalSection(SolutionProperties) = preSolution
		HideSolutionNode = FALSE
	EndGlobalSection
EndGlobal
