Microsoft Visual Studio Solution File, Format Version 9.00
# Visual Studio 2005
Project("{2150E333-8FDC-42A3-9474-1A3956D46DE8}") = "DCPS", "DCPS", "{F7105C04-FD1B-47E8-96CA-C1285DE87320}"
EndProject
Project("{2150E333-8FDC-42A3-9474-1A3956D46DE8}") = "StandAlone", "StandAlone", "{14A2C193-9D86-42CA-BE12-444148A1CB8F}"
EndProject
Project("{2150E333-8FDC-42A3-9474-1A3956D46DE8}") = "C", "C", "{DB36AD06-1FCE-40FF-94C3-BFAE32CF3FD4}"
EndProject
Project("{8BC9CEB8-8B4A-11D0-8D11-00A0C91BC942}") = "Ping", "dcps\standalone\C\PingPong\Ping\Ping.vcproj", "{C8C85068-2F14-4A03-907A-54920B59CCD0}"
	ProjectSection(ProjectDependencies) = postProject
		{F7D62C75-956C-4AF7-97D6-1CADC449388E} = {F7D62C75-956C-4AF7-97D6-1CADC449388E}
	EndProjectSection
EndProject
Project("{8BC9CEB8-8B4A-11D0-8D11-00A0C91BC942}") = "Pong", "dcps\standalone\C\PingPong\Pong\Pong.vcproj", "{D6C473DF-A532-4AAF-8CC3-80A747AD068C}"
	ProjectSection(ProjectDependencies) = postProject
		{F7D62C75-956C-4AF7-97D6-1CADC449388E} = {F7D62C75-956C-4AF7-97D6-1CADC449388E}
	EndProjectSection
EndProject
Project("{8BC9CEB8-8B4A-11D0-8D11-00A0C91BC942}") = "PingPong", "dcps\standalone\C\PingPong\PingPong\PingPong.vcproj", "{F7D62C75-956C-4AF7-97D6-1CADC449388E}"
EndProject
Project("{2150E333-8FDC-42A3-9474-1A3956D46DE8}") = "Ping Pong", "Ping Pong", "{6946F374-E721-4559-B18C-0BAA64050C10}"
EndProject
Project("{2150E333-8FDC-42A3-9474-1A3956D46DE8}") = "Tutorial", "Tutorial", "{A79D64CF-2A37-40BA-B11B-F35A1C18C813}"
EndProject
Project("{8BC9CEB8-8B4A-11D0-8D11-00A0C91BC942}") = "ChatBoxUtil", "dcps\standalone\C\Tutorial\ChatBoxUtil\ChatBoxUtil.vcproj", "{54F08F2D-F000-4349-BDA9-291248A6DB7F}"
EndProject
Project("{8BC9CEB8-8B4A-11D0-8D11-00A0C91BC942}") = "MessageBoard", "dcps\standalone\C\Tutorial\MessageBoard\MessageBoard.vcproj", "{E8B6C2A9-9106-4651-9227-4421E32A9E22}"
	ProjectSection(ProjectDependencies) = postProject
		{54F08F2D-F000-4349-BDA9-291248A6DB7F} = {54F08F2D-F000-4349-BDA9-291248A6DB7F}
	EndProjectSection
EndProject
Project("{8BC9CEB8-8B4A-11D0-8D11-00A0C91BC942}") = "Chatter", "dcps\standalone\C\Tutorial\Chatter\Chatter.vcproj", "{179A0A54-B5B4-4F2C-A485-5C5AE7AA74DB}"
	ProjectSection(ProjectDependencies) = postProject
		{54F08F2D-F000-4349-BDA9-291248A6DB7F} = {54F08F2D-F000-4349-BDA9-291248A6DB7F}
	EndProjectSection
EndProject
Project("{8BC9CEB8-8B4A-11D0-8D11-00A0C91BC942}") = "UserLoad", "dcps\standalone\C\Tutorial\UserLoad\UserLoad.vcproj", "{6704DA29-7D15-4B12-A571-0853831CC602}"
	ProjectSection(ProjectDependencies) = postProject
		{54F08F2D-F000-4349-BDA9-291248A6DB7F} = {54F08F2D-F000-4349-BDA9-291248A6DB7F}
	EndProjectSection
EndProject
Project("{2150E333-8FDC-42A3-9474-1A3956D46DE8}") = "Corba", "Corba", "{01C75D58-8094-4EA2-8DCD-184C8193B96B}"
EndProject
Project("{2150E333-8FDC-42A3-9474-1A3956D46DE8}") = "C++", "C++", "{FE46C04E-24B1-4514-AAC6-85DB90C4E7A1}"
EndProject
Project("{2150E333-8FDC-42A3-9474-1A3956D46DE8}") = "Ping Pong", "Ping Pong", "{9658CF95-9978-4BBF-B0AF-3F043B95D0FC}"
EndProject
Project("{8BC9CEB8-8B4A-11D0-8D11-00A0C91BC942}") = "PingPong", "dcps\CORBA\C++\OpenFusion\PingPong\PingPong\PingPong.vcproj", "{ED480891-7A03-4308-BA2B-4DDFD4E9FE69}"
EndProject
Project("{8BC9CEB8-8B4A-11D0-8D11-00A0C91BC942}") = "Ping", "dcps\CORBA\C++\OpenFusion\PingPong\Ping\Ping.vcproj", "{59DC78BA-63F0-4F91-A863-ED7E5D57FA22}"
	ProjectSection(ProjectDependencies) = postProject
		{ED480891-7A03-4308-BA2B-4DDFD4E9FE69} = {ED480891-7A03-4308-BA2B-4DDFD4E9FE69}
	EndProjectSection
EndProject
Project("{8BC9CEB8-8B4A-11D0-8D11-00A0C91BC942}") = "Pong", "dcps\CORBA\C++\OpenFusion\PingPong\Pong\Pong.vcproj", "{26D65581-7229-4067-B90F-1652CF9AE82B}"
	ProjectSection(ProjectDependencies) = postProject
		{ED480891-7A03-4308-BA2B-4DDFD4E9FE69} = {ED480891-7A03-4308-BA2B-4DDFD4E9FE69}
	EndProjectSection
EndProject
Project("{2150E333-8FDC-42A3-9474-1A3956D46DE8}") = "Tutorial", "Tutorial", "{C3DCD322-A39A-4EF7-8825-518408D1B663}"
EndProject
Project("{8BC9CEB8-8B4A-11D0-8D11-00A0C91BC942}") = "ChatBoxUtil", "dcps\CORBA\C++\OpenFusion\Tutorial\ChatBoxUtil\ChatBoxUtil.vcproj", "{4A3F8A99-C859-4352-9302-7273C03F95FA}"
EndProject
Project("{8BC9CEB8-8B4A-11D0-8D11-00A0C91BC942}") = "Chatter", "dcps\CORBA\C++\OpenFusion\Tutorial\Chatter\Chatter.vcproj", "{02C897D3-939A-4673-9367-87070265C68C}"
	ProjectSection(ProjectDependencies) = postProject
		{4A3F8A99-C859-4352-9302-7273C03F95FA} = {4A3F8A99-C859-4352-9302-7273C03F95FA}
	EndProjectSection
EndProject
Project("{8BC9CEB8-8B4A-11D0-8D11-00A0C91BC942}") = "MessageBoard", "dcps\CORBA\C++\OpenFusion\Tutorial\MessageBoard\MessageBoard.vcproj", "{370EFF93-6586-4055-AC13-4A5FCAD8ADBD}"
	ProjectSection(ProjectDependencies) = postProject
		{4A3F8A99-C859-4352-9302-7273C03F95FA} = {4A3F8A99-C859-4352-9302-7273C03F95FA}
	EndProjectSection
EndProject
Project("{8BC9CEB8-8B4A-11D0-8D11-00A0C91BC942}") = "UserLoad", "dcps\CORBA\C++\OpenFusion\Tutorial\UserLoad\UserLoad.vcproj", "{A253357C-0A99-4FA4-AF5C-2E7FA3A5D95F}"
	ProjectSection(ProjectDependencies) = postProject
		{4A3F8A99-C859-4352-9302-7273C03F95FA} = {4A3F8A99-C859-4352-9302-7273C03F95FA}
	EndProjectSection
EndProject
Project("{2150E333-8FDC-42A3-9474-1A3956D46DE8}") = "C++", "C++", "{D5655E31-D23E-4BB7-88A0-45860E5B8CDD}"
EndProject
Project("{2150E333-8FDC-42A3-9474-1A3956D46DE8}") = "Ping Pong", "Ping Pong", "{763290C8-31FC-4456-B5E8-7DE85BD5CEF9}"
EndProject
Project("{8BC9CEB8-8B4A-11D0-8D11-00A0C91BC942}") = "PingPong", "dcps\standalone\C++\PingPong\PingPong\PingPong.vcproj", "{BF2E881F-B112-4E67-902A-69276650359D}"
EndProject
Project("{8BC9CEB8-8B4A-11D0-8D11-00A0C91BC942}") = "Ping", "dcps\standalone\C++\PingPong\Ping\Ping.vcproj", "{00F7F924-BF99-4A5A-983B-45FA519CE319}"
	ProjectSection(ProjectDependencies) = postProject
		{BF2E881F-B112-4E67-902A-69276650359D} = {BF2E881F-B112-4E67-902A-69276650359D}
	EndProjectSection
EndProject
Project("{8BC9CEB8-8B4A-11D0-8D11-00A0C91BC942}") = "Pong", "dcps\standalone\C++\PingPong\Pong\Pong.vcproj", "{CA5C52CB-B0E5-4EF4-A1EC-A2EFA9AF1E81}"
	ProjectSection(ProjectDependencies) = postProject
		{BF2E881F-B112-4E67-902A-69276650359D} = {BF2E881F-B112-4E67-902A-69276650359D}
	EndProjectSection
EndProject
Project("{2150E333-8FDC-42A3-9474-1A3956D46DE8}") = "Tutorial", "Tutorial", "{49A2C512-B168-4F2B-A0D3-197B908E5C2F}"
EndProject
Project("{8BC9CEB8-8B4A-11D0-8D11-00A0C91BC942}") = "ChatBoxUtil", "dcps\standalone\C++\Tutorial\ChatBoxUtil\ChatBoxUtil.vcproj", "{6407BA7A-299E-4CA2-A1C1-BBE5865A6668}"
EndProject
Project("{8BC9CEB8-8B4A-11D0-8D11-00A0C91BC942}") = "Chatter", "dcps\standalone\C++\Tutorial\Chatter\Chatter.vcproj", "{FDEC8E61-2244-4CC9-BF40-C2386C40A6E6}"
	ProjectSection(ProjectDependencies) = postProject
		{6407BA7A-299E-4CA2-A1C1-BBE5865A6668} = {6407BA7A-299E-4CA2-A1C1-BBE5865A6668}
	EndProjectSection
EndProject
Project("{8BC9CEB8-8B4A-11D0-8D11-00A0C91BC942}") = "MessageBoard", "dcps\standalone\C++\Tutorial\MessageBoard\MessageBoard.vcproj", "{F20B8AED-8582-48E3-9D62-1D8980CCB2C5}"
	ProjectSection(ProjectDependencies) = postProject
		{6407BA7A-299E-4CA2-A1C1-BBE5865A6668} = {6407BA7A-299E-4CA2-A1C1-BBE5865A6668}
	EndProjectSection
EndProject
Project("{8BC9CEB8-8B4A-11D0-8D11-00A0C91BC942}") = "UserLoad", "dcps\standalone\C++\Tutorial\UserLoad\UserLoad.vcproj", "{7367CB66-C91D-4123-91D7-A2930DDC254B}"
	ProjectSection(ProjectDependencies) = postProject
		{6407BA7A-299E-4CA2-A1C1-BBE5865A6668} = {6407BA7A-299E-4CA2-A1C1-BBE5865A6668}
	EndProjectSection
EndProject
Project("{2150E333-8FDC-42A3-9474-1A3956D46DE8}") = "C++ on C", "C++ on C", "{B33BFECB-5C34-44A9-A6E2-B2ADAB17E3EF}"
EndProject
Project("{2150E333-8FDC-42A3-9474-1A3956D46DE8}") = "Ping Pong", "Ping Pong", "{E0D39652-4E3A-452A-81D8-4B83E9F9E5ED}"
EndProject
Project("{8BC9CEB8-8B4A-11D0-8D11-00A0C91BC942}") = "PingPong", "dcps\standalone\C++OnC\PingPong\PingPong\PingPong.vcproj", "{004A46A2-F9A5-4582-A430-3339EF65816D}"
EndProject
Project("{8BC9CEB8-8B4A-11D0-8D11-00A0C91BC942}") = "Ping", "dcps\standalone\C++OnC\PingPong\Ping\Ping.vcproj", "{D8BCBA0A-D666-4619-8F8D-9F0D47402096}"
	ProjectSection(ProjectDependencies) = postProject
		{004A46A2-F9A5-4582-A430-3339EF65816D} = {004A46A2-F9A5-4582-A430-3339EF65816D}
	EndProjectSection
EndProject
Project("{8BC9CEB8-8B4A-11D0-8D11-00A0C91BC942}") = "Pong", "dcps\standalone\C++OnC\PingPong\Pong\Pong.vcproj", "{30C03345-E7D9-4902-AA18-0A78A7097F99}"
	ProjectSection(ProjectDependencies) = postProject
		{004A46A2-F9A5-4582-A430-3339EF65816D} = {004A46A2-F9A5-4582-A430-3339EF65816D}
	EndProjectSection
EndProject
Global
	GlobalSection(SolutionConfigurationPlatforms) = preSolution
		Debug|Win32 = Debug|Win32
		Release|Win32 = Release|Win32
	EndGlobalSection
	GlobalSection(ProjectConfigurationPlatforms) = postSolution
		{C8C85068-2F14-4A03-907A-54920B59CCD0}.Debug|Win32.ActiveCfg = Debug|Win32
		{C8C85068-2F14-4A03-907A-54920B59CCD0}.Debug|Win32.Build.0 = Debug|Win32
		{C8C85068-2F14-4A03-907A-54920B59CCD0}.Release|Win32.ActiveCfg = Release|Win32
		{C8C85068-2F14-4A03-907A-54920B59CCD0}.Release|Win32.Build.0 = Release|Win32
		{D6C473DF-A532-4AAF-8CC3-80A747AD068C}.Debug|Win32.ActiveCfg = Debug|Win32
		{D6C473DF-A532-4AAF-8CC3-80A747AD068C}.Debug|Win32.Build.0 = Debug|Win32
		{D6C473DF-A532-4AAF-8CC3-80A747AD068C}.Release|Win32.ActiveCfg = Release|Win32
		{D6C473DF-A532-4AAF-8CC3-80A747AD068C}.Release|Win32.Build.0 = Release|Win32
		{F7D62C75-956C-4AF7-97D6-1CADC449388E}.Debug|Win32.ActiveCfg = Debug|Win32
		{F7D62C75-956C-4AF7-97D6-1CADC449388E}.Debug|Win32.Build.0 = Debug|Win32
		{F7D62C75-956C-4AF7-97D6-1CADC449388E}.Release|Win32.ActiveCfg = Release|Win32
		{F7D62C75-956C-4AF7-97D6-1CADC449388E}.Release|Win32.Build.0 = Release|Win32
		{54F08F2D-F000-4349-BDA9-291248A6DB7F}.Debug|Win32.ActiveCfg = Debug|Win32
		{54F08F2D-F000-4349-BDA9-291248A6DB7F}.Debug|Win32.Build.0 = Debug|Win32
		{54F08F2D-F000-4349-BDA9-291248A6DB7F}.Release|Win32.ActiveCfg = Release|Win32
		{54F08F2D-F000-4349-BDA9-291248A6DB7F}.Release|Win32.Build.0 = Release|Win32
		{E8B6C2A9-9106-4651-9227-4421E32A9E22}.Debug|Win32.ActiveCfg = Debug|Win32
		{E8B6C2A9-9106-4651-9227-4421E32A9E22}.Debug|Win32.Build.0 = Debug|Win32
		{E8B6C2A9-9106-4651-9227-4421E32A9E22}.Release|Win32.ActiveCfg = Release|Win32
		{E8B6C2A9-9106-4651-9227-4421E32A9E22}.Release|Win32.Build.0 = Release|Win32
		{179A0A54-B5B4-4F2C-A485-5C5AE7AA74DB}.Debug|Win32.ActiveCfg = Debug|Win32
		{179A0A54-B5B4-4F2C-A485-5C5AE7AA74DB}.Debug|Win32.Build.0 = Debug|Win32
		{179A0A54-B5B4-4F2C-A485-5C5AE7AA74DB}.Release|Win32.ActiveCfg = Release|Win32
		{179A0A54-B5B4-4F2C-A485-5C5AE7AA74DB}.Release|Win32.Build.0 = Release|Win32
		{6704DA29-7D15-4B12-A571-0853831CC602}.Debug|Win32.ActiveCfg = Debug|Win32
		{6704DA29-7D15-4B12-A571-0853831CC602}.Debug|Win32.Build.0 = Debug|Win32
		{6704DA29-7D15-4B12-A571-0853831CC602}.Release|Win32.ActiveCfg = Release|Win32
		{6704DA29-7D15-4B12-A571-0853831CC602}.Release|Win32.Build.0 = Release|Win32
		{ED480891-7A03-4308-BA2B-4DDFD4E9FE69}.Debug|Win32.ActiveCfg = Debug|Win32
		{ED480891-7A03-4308-BA2B-4DDFD4E9FE69}.Debug|Win32.Build.0 = Debug|Win32
		{ED480891-7A03-4308-BA2B-4DDFD4E9FE69}.Release|Win32.ActiveCfg = Release|Win32
		{ED480891-7A03-4308-BA2B-4DDFD4E9FE69}.Release|Win32.Build.0 = Release|Win32
		{59DC78BA-63F0-4F91-A863-ED7E5D57FA22}.Debug|Win32.ActiveCfg = Debug|Win32
		{59DC78BA-63F0-4F91-A863-ED7E5D57FA22}.Debug|Win32.Build.0 = Debug|Win32
		{59DC78BA-63F0-4F91-A863-ED7E5D57FA22}.Release|Win32.ActiveCfg = Release|Win32
		{59DC78BA-63F0-4F91-A863-ED7E5D57FA22}.Release|Win32.Build.0 = Release|Win32
		{26D65581-7229-4067-B90F-1652CF9AE82B}.Debug|Win32.ActiveCfg = Debug|Win32
		{26D65581-7229-4067-B90F-1652CF9AE82B}.Debug|Win32.Build.0 = Debug|Win32
		{26D65581-7229-4067-B90F-1652CF9AE82B}.Release|Win32.ActiveCfg = Release|Win32
		{26D65581-7229-4067-B90F-1652CF9AE82B}.Release|Win32.Build.0 = Release|Win32
		{4A3F8A99-C859-4352-9302-7273C03F95FA}.Debug|Win32.ActiveCfg = Debug|Win32
		{4A3F8A99-C859-4352-9302-7273C03F95FA}.Debug|Win32.Build.0 = Debug|Win32
		{4A3F8A99-C859-4352-9302-7273C03F95FA}.Release|Win32.ActiveCfg = Release|Win32
		{4A3F8A99-C859-4352-9302-7273C03F95FA}.Release|Win32.Build.0 = Release|Win32
		{02C897D3-939A-4673-9367-87070265C68C}.Debug|Win32.ActiveCfg = Debug|Win32
		{02C897D3-939A-4673-9367-87070265C68C}.Debug|Win32.Build.0 = Debug|Win32
		{02C897D3-939A-4673-9367-87070265C68C}.Release|Win32.ActiveCfg = Release|Win32
		{02C897D3-939A-4673-9367-87070265C68C}.Release|Win32.Build.0 = Release|Win32
		{370EFF93-6586-4055-AC13-4A5FCAD8ADBD}.Debug|Win32.ActiveCfg = Debug|Win32
		{370EFF93-6586-4055-AC13-4A5FCAD8ADBD}.Debug|Win32.Build.0 = Debug|Win32
		{370EFF93-6586-4055-AC13-4A5FCAD8ADBD}.Release|Win32.ActiveCfg = Release|Win32
		{370EFF93-6586-4055-AC13-4A5FCAD8ADBD}.Release|Win32.Build.0 = Release|Win32
		{A253357C-0A99-4FA4-AF5C-2E7FA3A5D95F}.Debug|Win32.ActiveCfg = Debug|Win32
		{A253357C-0A99-4FA4-AF5C-2E7FA3A5D95F}.Debug|Win32.Build.0 = Debug|Win32
		{A253357C-0A99-4FA4-AF5C-2E7FA3A5D95F}.Release|Win32.ActiveCfg = Release|Win32
		{A253357C-0A99-4FA4-AF5C-2E7FA3A5D95F}.Release|Win32.Build.0 = Release|Win32
		{BF2E881F-B112-4E67-902A-69276650359D}.Debug|Win32.ActiveCfg = Debug|Win32
		{BF2E881F-B112-4E67-902A-69276650359D}.Debug|Win32.Build.0 = Debug|Win32
		{BF2E881F-B112-4E67-902A-69276650359D}.Release|Win32.ActiveCfg = Release|Win32
		{BF2E881F-B112-4E67-902A-69276650359D}.Release|Win32.Build.0 = Release|Win32
		{00F7F924-BF99-4A5A-983B-45FA519CE319}.Debug|Win32.ActiveCfg = Debug|Win32
		{00F7F924-BF99-4A5A-983B-45FA519CE319}.Debug|Win32.Build.0 = Debug|Win32
		{00F7F924-BF99-4A5A-983B-45FA519CE319}.Release|Win32.ActiveCfg = Release|Win32
		{00F7F924-BF99-4A5A-983B-45FA519CE319}.Release|Win32.Build.0 = Release|Win32
		{CA5C52CB-B0E5-4EF4-A1EC-A2EFA9AF1E81}.Debug|Win32.ActiveCfg = Debug|Win32
		{CA5C52CB-B0E5-4EF4-A1EC-A2EFA9AF1E81}.Debug|Win32.Build.0 = Debug|Win32
		{CA5C52CB-B0E5-4EF4-A1EC-A2EFA9AF1E81}.Release|Win32.ActiveCfg = Release|Win32
		{CA5C52CB-B0E5-4EF4-A1EC-A2EFA9AF1E81}.Release|Win32.Build.0 = Release|Win32
		{6407BA7A-299E-4CA2-A1C1-BBE5865A6668}.Debug|Win32.ActiveCfg = Debug|Win32
		{6407BA7A-299E-4CA2-A1C1-BBE5865A6668}.Debug|Win32.Build.0 = Debug|Win32
		{6407BA7A-299E-4CA2-A1C1-BBE5865A6668}.Release|Win32.ActiveCfg = Release|Win32
		{6407BA7A-299E-4CA2-A1C1-BBE5865A6668}.Release|Win32.Build.0 = Release|Win32
		{FDEC8E61-2244-4CC9-BF40-C2386C40A6E6}.Debug|Win32.ActiveCfg = Debug|Win32
		{FDEC8E61-2244-4CC9-BF40-C2386C40A6E6}.Debug|Win32.Build.0 = Debug|Win32
		{FDEC8E61-2244-4CC9-BF40-C2386C40A6E6}.Release|Win32.ActiveCfg = Release|Win32
		{FDEC8E61-2244-4CC9-BF40-C2386C40A6E6}.Release|Win32.Build.0 = Release|Win32
		{F20B8AED-8582-48E3-9D62-1D8980CCB2C5}.Debug|Win32.ActiveCfg = Debug|Win32
		{F20B8AED-8582-48E3-9D62-1D8980CCB2C5}.Debug|Win32.Build.0 = Debug|Win32
		{F20B8AED-8582-48E3-9D62-1D8980CCB2C5}.Release|Win32.ActiveCfg = Release|Win32
		{F20B8AED-8582-48E3-9D62-1D8980CCB2C5}.Release|Win32.Build.0 = Release|Win32
		{7367CB66-C91D-4123-91D7-A2930DDC254B}.Debug|Win32.ActiveCfg = Debug|Win32
		{7367CB66-C91D-4123-91D7-A2930DDC254B}.Debug|Win32.Build.0 = Debug|Win32
		{7367CB66-C91D-4123-91D7-A2930DDC254B}.Release|Win32.ActiveCfg = Release|Win32
		{7367CB66-C91D-4123-91D7-A2930DDC254B}.Release|Win32.Build.0 = Release|Win32
		{004A46A2-F9A5-4582-A430-3339EF65816D}.Debug|Win32.ActiveCfg = Debug|Win32
		{004A46A2-F9A5-4582-A430-3339EF65816D}.Debug|Win32.Build.0 = Debug|Win32
		{004A46A2-F9A5-4582-A430-3339EF65816D}.Release|Win32.ActiveCfg = Release|Win32
		{004A46A2-F9A5-4582-A430-3339EF65816D}.Release|Win32.Build.0 = Release|Win32
		{D8BCBA0A-D666-4619-8F8D-9F0D47402096}.Debug|Win32.ActiveCfg = Debug|Win32
		{D8BCBA0A-D666-4619-8F8D-9F0D47402096}.Debug|Win32.Build.0 = Debug|Win32
		{D8BCBA0A-D666-4619-8F8D-9F0D47402096}.Release|Win32.ActiveCfg = Release|Win32
		{D8BCBA0A-D666-4619-8F8D-9F0D47402096}.Release|Win32.Build.0 = Release|Win32
		{30C03345-E7D9-4902-AA18-0A78A7097F99}.Debug|Win32.ActiveCfg = Debug|Win32
		{30C03345-E7D9-4902-AA18-0A78A7097F99}.Debug|Win32.Build.0 = Debug|Win32
		{30C03345-E7D9-4902-AA18-0A78A7097F99}.Release|Win32.ActiveCfg = Release|Win32
		{30C03345-E7D9-4902-AA18-0A78A7097F99}.Release|Win32.Build.0 = Release|Win32
		{333238F6-552A-4F83-8802-D3F633CBC405}.Debug|Win32.ActiveCfg = Debug|Win32
		{333238F6-552A-4F83-8802-D3F633CBC405}.Debug|Win32.Build.0 = Debug|Win32
		{333238F6-552A-4F83-8802-D3F633CBC405}.Release|Win32.ActiveCfg = Release|Win32
		{333238F6-552A-4F83-8802-D3F633CBC405}.Release|Win32.Build.0 = Release|Win32
		{8A7C223C-2B60-4D45-98D7-CB9236442C57}.Debug|Win32.ActiveCfg = Debug|Win32
		{8A7C223C-2B60-4D45-98D7-CB9236442C57}.Debug|Win32.Build.0 = Debug|Win32
		{8A7C223C-2B60-4D45-98D7-CB9236442C57}.Release|Win32.ActiveCfg = Release|Win32
		{8A7C223C-2B60-4D45-98D7-CB9236442C57}.Release|Win32.Build.0 = Release|Win32
	EndGlobalSection
	GlobalSection(SolutionProperties) = preSolution
		HideSolutionNode = FALSE
	EndGlobalSection
	GlobalSection(NestedProjects) = preSolution
		{14A2C193-9D86-42CA-BE12-444148A1CB8F} = {F7105C04-FD1B-47E8-96CA-C1285DE87320}
		{01C75D58-8094-4EA2-8DCD-184C8193B96B} = {F7105C04-FD1B-47E8-96CA-C1285DE87320}
		{DB36AD06-1FCE-40FF-94C3-BFAE32CF3FD4} = {14A2C193-9D86-42CA-BE12-444148A1CB8F}
		{D5655E31-D23E-4BB7-88A0-45860E5B8CDD} = {14A2C193-9D86-42CA-BE12-444148A1CB8F}
		{B33BFECB-5C34-44A9-A6E2-B2ADAB17E3EF} = {14A2C193-9D86-42CA-BE12-444148A1CB8F}
		{6946F374-E721-4559-B18C-0BAA64050C10} = {DB36AD06-1FCE-40FF-94C3-BFAE32CF3FD4}
		{A79D64CF-2A37-40BA-B11B-F35A1C18C813} = {DB36AD06-1FCE-40FF-94C3-BFAE32CF3FD4}
		{D6C473DF-A532-4AAF-8CC3-80A747AD068C} = {6946F374-E721-4559-B18C-0BAA64050C10}
		{F7D62C75-956C-4AF7-97D6-1CADC449388E} = {6946F374-E721-4559-B18C-0BAA64050C10}
		{C8C85068-2F14-4A03-907A-54920B59CCD0} = {6946F374-E721-4559-B18C-0BAA64050C10}
		{54F08F2D-F000-4349-BDA9-291248A6DB7F} = {A79D64CF-2A37-40BA-B11B-F35A1C18C813}
		{E8B6C2A9-9106-4651-9227-4421E32A9E22} = {A79D64CF-2A37-40BA-B11B-F35A1C18C813}
		{179A0A54-B5B4-4F2C-A485-5C5AE7AA74DB} = {A79D64CF-2A37-40BA-B11B-F35A1C18C813}
		{6704DA29-7D15-4B12-A571-0853831CC602} = {A79D64CF-2A37-40BA-B11B-F35A1C18C813}
		{FE46C04E-24B1-4514-AAC6-85DB90C4E7A1} = {01C75D58-8094-4EA2-8DCD-184C8193B96B}
		{9658CF95-9978-4BBF-B0AF-3F043B95D0FC} = {FE46C04E-24B1-4514-AAC6-85DB90C4E7A1}
		{C3DCD322-A39A-4EF7-8825-518408D1B663} = {FE46C04E-24B1-4514-AAC6-85DB90C4E7A1}
		{ED480891-7A03-4308-BA2B-4DDFD4E9FE69} = {9658CF95-9978-4BBF-B0AF-3F043B95D0FC}
		{59DC78BA-63F0-4F91-A863-ED7E5D57FA22} = {9658CF95-9978-4BBF-B0AF-3F043B95D0FC}
		{26D65581-7229-4067-B90F-1652CF9AE82B} = {9658CF95-9978-4BBF-B0AF-3F043B95D0FC}
		{4A3F8A99-C859-4352-9302-7273C03F95FA} = {C3DCD322-A39A-4EF7-8825-518408D1B663}
		{02C897D3-939A-4673-9367-87070265C68C} = {C3DCD322-A39A-4EF7-8825-518408D1B663}
		{370EFF93-6586-4055-AC13-4A5FCAD8ADBD} = {C3DCD322-A39A-4EF7-8825-518408D1B663}
		{A253357C-0A99-4FA4-AF5C-2E7FA3A5D95F} = {C3DCD322-A39A-4EF7-8825-518408D1B663}
		{763290C8-31FC-4456-B5E8-7DE85BD5CEF9} = {D5655E31-D23E-4BB7-88A0-45860E5B8CDD}
		{49A2C512-B168-4F2B-A0D3-197B908E5C2F} = {D5655E31-D23E-4BB7-88A0-45860E5B8CDD}
		{BF2E881F-B112-4E67-902A-69276650359D} = {763290C8-31FC-4456-B5E8-7DE85BD5CEF9}
		{00F7F924-BF99-4A5A-983B-45FA519CE319} = {763290C8-31FC-4456-B5E8-7DE85BD5CEF9}
		{CA5C52CB-B0E5-4EF4-A1EC-A2EFA9AF1E81} = {763290C8-31FC-4456-B5E8-7DE85BD5CEF9}
		{6407BA7A-299E-4CA2-A1C1-BBE5865A6668} = {49A2C512-B168-4F2B-A0D3-197B908E5C2F}
		{FDEC8E61-2244-4CC9-BF40-C2386C40A6E6} = {49A2C512-B168-4F2B-A0D3-197B908E5C2F}
		{F20B8AED-8582-48E3-9D62-1D8980CCB2C5} = {49A2C512-B168-4F2B-A0D3-197B908E5C2F}
		{7367CB66-C91D-4123-91D7-A2930DDC254B} = {49A2C512-B168-4F2B-A0D3-197B908E5C2F}
		{E0D39652-4E3A-452A-81D8-4B83E9F9E5ED} = {B33BFECB-5C34-44A9-A6E2-B2ADAB17E3EF}
		{004A46A2-F9A5-4582-A430-3339EF65816D} = {E0D39652-4E3A-452A-81D8-4B83E9F9E5ED}
		{D8BCBA0A-D666-4619-8F8D-9F0D47402096} = {E0D39652-4E3A-452A-81D8-4B83E9F9E5ED}
		{30C03345-E7D9-4902-AA18-0A78A7097F99} = {E0D39652-4E3A-452A-81D8-4B83E9F9E5ED}
		{4E12C837-57EA-4058-A1FB-94C3DE7EE761} = {B31F503A-B263-4E00-A9F4-4BC58F54A3BE}
		{28AF1146-C2B2-4D57-971A-0DBA29DD0F0D} = {4E12C837-57EA-4058-A1FB-94C3DE7EE761}
		{563DFB6F-FAEF-4CCC-AEA6-64377E2132A4} = {28AF1146-C2B2-4D57-971A-0DBA29DD0F0D}
		{260888A0-BB4A-430C-AD49-AB8D163CEAA2} = {563DFB6F-FAEF-4CCC-AEA6-64377E2132A4}
		{333238F6-552A-4F83-8802-D3F633CBC405} = {260888A0-BB4A-430C-AD49-AB8D163CEAA2}
		{8A7C223C-2B60-4D45-98D7-CB9236442C57} = {260888A0-BB4A-430C-AD49-AB8D163CEAA2}
	EndGlobalSection
EndGlobal
