
Microsoft Visual Studio Solution File, Format Version 10.00
# Visual Studio 2008
Project("{8BC9CEB8-8B4A-11D0-8D11-00A0C91BC942}") = "dds2734_subscriber", "Subscriber\Subscriber.vcproj", "{67CEB4EF-B35E-4718-8161-96A8CB69F366}"
EndProject
Project("{8BC9CEB8-8B4A-11D0-8D11-00A0C91BC942}") = "Publisher", "Publisher\Publisher.vcproj", "{C14B91CC-9A2A-4246-A68E-2CCB10662952}"
EndProject
Global
	GlobalSection(SolutionConfigurationPlatforms) = preSolution
		Debug|Win32 = Debug|Win32
		Release|Win32 = Release|Win32
	EndGlobalSection
	GlobalSection(ProjectConfigurationPlatforms) = postSolution
		{67CEB4EF-B35E-4718-8161-96A8CB69F366}.Debug|Win32.ActiveCfg = Debug|Win32
		{67CEB4EF-B35E-4718-8161-96A8CB69F366}.Debug|Win32.Build.0 = Debug|Win32
		{67CEB4EF-B35E-4718-8161-96A8CB69F366}.Release|Win32.ActiveCfg = Release|Win32
		{67CEB4EF-B35E-4718-8161-96A8CB69F366}.Release|Win32.Build.0 = Release|Win32
		{C14B91CC-9A2A-4246-A68E-2CCB10662952}.Debug|Win32.ActiveCfg = Debug|Win32
		{C14B91CC-9A2A-4246-A68E-2CCB10662952}.Debug|Win32.Build.0 = Debug|Win32
		{C14B91CC-9A2A-4246-A68E-2CCB10662952}.Release|Win32.ActiveCfg = Release|Win32
		{C14B91CC-9A2A-4246-A68E-2CCB10662952}.Release|Win32.Build.0 = Release|Win32
	EndGlobalSection
	GlobalSection(SolutionProperties) = preSolution
		HideSolutionNode = FALSE
	EndGlobalSection
EndGlobal
