
Microsoft Visual Studio Solution File, Format Version 9.00
# Visual Studio 2005
Project("{8BC9CEB8-8B4A-11D0-8D11-00A0C91BC942}") = "LifecycleData", "LifeCycleData\LifeCycleData.vcproj", "{6525A87C-851B-4D8B-BF36-B440DED5C22A}"
EndProject
Project("{8BC9CEB8-8B4A-11D0-8D11-00A0C91BC942}") = "LifecycleDataPublisher", "LifeCycleDataPublisher\LifeCycleDataPublisher.vcproj", "{3616854F-35C0-44FF-ABB8-C807AC23E781}"
	ProjectSection(ProjectDependencies) = postProject
		{6525A87C-851B-4D8B-BF36-B440DED5C22A} = {6525A87C-851B-4D8B-BF36-B440DED5C22A}
	EndProjectSection
EndProject
Project("{8BC9CEB8-8B4A-11D0-8D11-00A0C91BC942}") = "LifecycleDataSubscriber", "LifeCycleDataSubscriber\LifeCycleDataSubscriber.vcproj", "{C09FF026-1119-4B07-9F28-FD6242E9AE1D}"
	ProjectSection(ProjectDependencies) = postProject
		{6525A87C-851B-4D8B-BF36-B440DED5C22A} = {6525A87C-851B-4D8B-BF36-B440DED5C22A}
	EndProjectSection
EndProject
Global
	GlobalSection(SolutionConfigurationPlatforms) = preSolution
		Debug|Win32 = Debug|Win32
		Release|Win32 = Release|Win32
	EndGlobalSection
	GlobalSection(ProjectConfigurationPlatforms) = postSolution
		{6525A87C-851B-4D8B-BF36-B440DED5C22A}.Debug|Win32.ActiveCfg = Debug|Win32
		{6525A87C-851B-4D8B-BF36-B440DED5C22A}.Debug|Win32.Build.0 = Debug|Win32
		{6525A87C-851B-4D8B-BF36-B440DED5C22A}.Release|Win32.ActiveCfg = Release|Win32
		{6525A87C-851B-4D8B-BF36-B440DED5C22A}.Release|Win32.Build.0 = Release|Win32
		{3616854F-35C0-44FF-ABB8-C807AC23E781}.Debug|Win32.ActiveCfg = Debug|Win32
		{3616854F-35C0-44FF-ABB8-C807AC23E781}.Debug|Win32.Build.0 = Debug|Win32
		{3616854F-35C0-44FF-ABB8-C807AC23E781}.Release|Win32.ActiveCfg = Release|Win32
		{3616854F-35C0-44FF-ABB8-C807AC23E781}.Release|Win32.Build.0 = Release|Win32
		{C09FF026-1119-4B07-9F28-FD6242E9AE1D}.Debug|Win32.ActiveCfg = Debug|Win32
		{C09FF026-1119-4B07-9F28-FD6242E9AE1D}.Debug|Win32.Build.0 = Debug|Win32
		{C09FF026-1119-4B07-9F28-FD6242E9AE1D}.Release|Win32.ActiveCfg = Release|Win32
		{C09FF026-1119-4B07-9F28-FD6242E9AE1D}.Release|Win32.Build.0 = Release|Win32
	EndGlobalSection
	GlobalSection(SolutionProperties) = preSolution
		HideSolutionNode = FALSE
	EndGlobalSection
EndGlobal
