Microsoft Visual Studio Solution File, Format Version 10.00
# Visual Studio 2008
Project("{FAE04EC0-301F-11D3-BF4B-00C04F79EFBC}") = "Framework", "framework\cstestframe\code\test\framework\Framework.csproj", "{823D9984-A2A4-4259-9A6F-122D70F2F5CE}"
EndProject
Project("{FAE04EC0-301F-11D3-BF4B-00C04F79EFBC}") = "builtin", "dbt\api\dcps\sacs\builtin\builtin.csproj", "{DAA3D676-96C8-42CB-BF97-BC0E44221CAF}"
EndProject
Project("{FAE04EC0-301F-11D3-BF4B-00C04F79EFBC}") = "condition", "dbt\api\dcps\sacs\condition\condition.csproj", "{40BFA7D6-9B8A-4FC3-93F4-3BBF256FBBBB}"
EndProject
Project("{FAE04EC0-301F-11D3-BF4B-00C04F79EFBC}") = "common", "dbt\api\dcps\sacs\common\common.csproj", "{43433F2A-AE18-417A-A6EE-035463F87C6A}"
EndProject
Project("{FAE04EC0-301F-11D3-BF4B-00C04F79EFBC}") = "contentFilteredTopic", "dbt\api\dcps\sacs\contentFilteredTopic\contentFilteredTopic.csproj", "{AC7FDC7B-C2DD-4CC4-8F16-40155B2F63C0}"
EndProject
Project("{FAE04EC0-301F-11D3-BF4B-00C04F79EFBC}") = "defaultConstructor", "dbt\api\dcps\sacs\defaultConstructor\defaultConstructor.csproj", "{516558FB-73BA-4EDE-8A42-34A8EDD35686}"
EndProject
Project("{FAE04EC0-301F-11D3-BF4B-00C04F79EFBC}") = "domainParticipant", "dbt\api\dcps\sacs\domainParticipant\domainParticipant.csproj", "{BB61C8CC-F748-45A6-94A7-CDF41977642F}"
EndProject
Project("{FAE04EC0-301F-11D3-BF4B-00C04F79EFBC}") = "domainParticipantFactory", "dbt\api\dcps\sacs\domainParticipantFactory\domainParticipantFactory.csproj", "{6391F526-3324-49DE-847C-BEAE6DCCBF5A}"
EndProject
Project("{FAE04EC0-301F-11D3-BF4B-00C04F79EFBC}") = "errorInfo", "dbt\api\dcps\sacs\errorInfo\errorInfo.csproj", "{31BEA7BA-B43A-4AFE-B65A-EEA05CE1097D}"
EndProject
Project("{FAE04EC0-301F-11D3-BF4B-00C04F79EFBC}") = "histDataWithCondition", "dbt\api\dcps\sacs\histDataWithCondition\histDataWithCondition.csproj", "{52F80234-438A-42D6-A05C-12BE84787BBA}"
EndProject
Project("{FAE04EC0-301F-11D3-BF4B-00C04F79EFBC}") = "listener", "dbt\api\dcps\sacs\listener\listener.csproj", "{8571AB3C-8DAC-4691-85E1-505FDBEBB19E}"
EndProject
Project("{FAE04EC0-301F-11D3-BF4B-00C04F79EFBC}") = "publisher", "dbt\api\dcps\sacs\publisher\publisher.csproj", "{2BC74800-BA82-4F0E-9487-FC6F2E8C873A}"
EndProject
Project("{FAE04EC0-301F-11D3-BF4B-00C04F79EFBC}") = "reader", "dbt\api\dcps\sacs\reader\reader.csproj", "{6FFF31A6-1F24-4C9A-BB2C-C5E0E8D3690C}"
EndProject
Project("{FAE04EC0-301F-11D3-BF4B-00C04F79EFBC}") = "status", "dbt\api\dcps\sacs\status\status.csproj", "{D3A004AF-DEBA-43EF-BFCF-E163F4E7793B}"
EndProject
Project("{FAE04EC0-301F-11D3-BF4B-00C04F79EFBC}") = "subscriber", "dbt\api\dcps\sacs\subscriber\subscriber.csproj", "{F3EB9E7D-6B99-433B-91AC-80DECFA40813}"
EndProject
Project("{FAE04EC0-301F-11D3-BF4B-00C04F79EFBC}") = "topic", "dbt\api\dcps\sacs\topic\topic.csproj", "{08FDFA48-550F-470D-A677-9A01A38F3703}"
EndProject
Project("{FAE04EC0-301F-11D3-BF4B-00C04F79EFBC}") = "typeSupport", "dbt\api\dcps\sacs\typeSupport\typeSupport.csproj", "{37BC4D60-3AA6-4F03-A6F9-33EFC1F3C8D5}"
EndProject
Project("{FAE04EC0-301F-11D3-BF4B-00C04F79EFBC}") = "waitset", "dbt\api\dcps\sacs\waitset\waitset.csproj", "{71A9D781-AD14-40ED-80E7-B65CCC10240B}"
EndProject
Project("{FAE04EC0-301F-11D3-BF4B-00C04F79EFBC}") = "writer", "dbt\api\dcps\sacs\writer\writer.csproj", "{34ADD8CE-2E64-4813-A510-73CE9966086F}"
EndProject
Project("{FAE04EC0-301F-11D3-BF4B-00C04F79EFBC}") = "boundsCheck", "dbt\api\dcps\sacs\boundsCheck\boundsCheck.csproj", "{AD40A018-A690-4E40-B966-6C641504E441}"
EndProject
Global
	GlobalSection(SolutionConfigurationPlatforms) = preSolution
		Debug|Any CPU = Debug|Any CPU
		Release|Any CPU = Release|Any CPU
	EndGlobalSection
	GlobalSection(ProjectConfigurationPlatforms) = postSolution
		{823D9984-A2A4-4259-9A6F-122D70F2F5CE}.Debug|Any CPU.ActiveCfg = Debug|Any CPU
		{823D9984-A2A4-4259-9A6F-122D70F2F5CE}.Debug|Any CPU.Build.0 = Debug|Any CPU
		{823D9984-A2A4-4259-9A6F-122D70F2F5CE}.Release|Any CPU.ActiveCfg = Release|Any CPU
		{823D9984-A2A4-4259-9A6F-122D70F2F5CE}.Release|Any CPU.Build.0 = Release|Any CPU
		{DAA3D676-96C8-42CB-BF97-BC0E44221CAF}.Debug|Any CPU.ActiveCfg = Debug|Any CPU
		{DAA3D676-96C8-42CB-BF97-BC0E44221CAF}.Debug|Any CPU.Build.0 = Debug|Any CPU
		{DAA3D676-96C8-42CB-BF97-BC0E44221CAF}.Release|Any CPU.ActiveCfg = Release|Any CPU
		{DAA3D676-96C8-42CB-BF97-BC0E44221CAF}.Release|Any CPU.Build.0 = Release|Any CPU
		{40BFA7D6-9B8A-4FC3-93F4-3BBF256FBBBB}.Debug|Any CPU.ActiveCfg = Debug|Any CPU
		{40BFA7D6-9B8A-4FC3-93F4-3BBF256FBBBB}.Debug|Any CPU.Build.0 = Debug|Any CPU
		{40BFA7D6-9B8A-4FC3-93F4-3BBF256FBBBB}.Release|Any CPU.ActiveCfg = Release|Any CPU
		{40BFA7D6-9B8A-4FC3-93F4-3BBF256FBBBB}.Release|Any CPU.Build.0 = Release|Any CPU
		{43433F2A-AE18-417A-A6EE-035463F87C6A}.Debug|Any CPU.ActiveCfg = Debug|Any CPU
		{43433F2A-AE18-417A-A6EE-035463F87C6A}.Debug|Any CPU.Build.0 = Debug|Any CPU
		{43433F2A-AE18-417A-A6EE-035463F87C6A}.Release|Any CPU.ActiveCfg = Release|Any CPU
		{43433F2A-AE18-417A-A6EE-035463F87C6A}.Release|Any CPU.Build.0 = Release|Any CPU
		{AC7FDC7B-C2DD-4CC4-8F16-40155B2F63C0}.Debug|Any CPU.ActiveCfg = Debug|Any CPU
		{AC7FDC7B-C2DD-4CC4-8F16-40155B2F63C0}.Debug|Any CPU.Build.0 = Debug|Any CPU
		{AC7FDC7B-C2DD-4CC4-8F16-40155B2F63C0}.Release|Any CPU.ActiveCfg = Release|Any CPU
		{AC7FDC7B-C2DD-4CC4-8F16-40155B2F63C0}.Release|Any CPU.Build.0 = Release|Any CPU
		{516558FB-73BA-4EDE-8A42-34A8EDD35686}.Debug|Any CPU.ActiveCfg = Debug|Any CPU
		{516558FB-73BA-4EDE-8A42-34A8EDD35686}.Debug|Any CPU.Build.0 = Debug|Any CPU
		{516558FB-73BA-4EDE-8A42-34A8EDD35686}.Release|Any CPU.ActiveCfg = Release|Any CPU
		{516558FB-73BA-4EDE-8A42-34A8EDD35686}.Release|Any CPU.Build.0 = Release|Any CPU
		{BB61C8CC-F748-45A6-94A7-CDF41977642F}.Debug|Any CPU.ActiveCfg = Debug|Any CPU
		{BB61C8CC-F748-45A6-94A7-CDF41977642F}.Debug|Any CPU.Build.0 = Debug|Any CPU
		{BB61C8CC-F748-45A6-94A7-CDF41977642F}.Release|Any CPU.ActiveCfg = Release|Any CPU
		{BB61C8CC-F748-45A6-94A7-CDF41977642F}.Release|Any CPU.Build.0 = Release|Any CPU
		{6391F526-3324-49DE-847C-BEAE6DCCBF5A}.Debug|Any CPU.ActiveCfg = Debug|Any CPU
		{6391F526-3324-49DE-847C-BEAE6DCCBF5A}.Debug|Any CPU.Build.0 = Debug|Any CPU
		{6391F526-3324-49DE-847C-BEAE6DCCBF5A}.Release|Any CPU.ActiveCfg = Release|Any CPU
		{6391F526-3324-49DE-847C-BEAE6DCCBF5A}.Release|Any CPU.Build.0 = Release|Any CPU
		{31BEA7BA-B43A-4AFE-B65A-EEA05CE1097D}.Debug|Any CPU.ActiveCfg = Debug|Any CPU
		{31BEA7BA-B43A-4AFE-B65A-EEA05CE1097D}.Debug|Any CPU.Build.0 = Debug|Any CPU
		{31BEA7BA-B43A-4AFE-B65A-EEA05CE1097D}.Release|Any CPU.ActiveCfg = Release|Any CPU
		{31BEA7BA-B43A-4AFE-B65A-EEA05CE1097D}.Release|Any CPU.Build.0 = Release|Any CPU
		{52F80234-438A-42D6-A05C-12BE84787BBA}.Debug|Any CPU.ActiveCfg = Debug|Any CPU
		{52F80234-438A-42D6-A05C-12BE84787BBA}.Debug|Any CPU.Build.0 = Debug|Any CPU
		{52F80234-438A-42D6-A05C-12BE84787BBA}.Release|Any CPU.ActiveCfg = Release|Any CPU
		{52F80234-438A-42D6-A05C-12BE84787BBA}.Release|Any CPU.Build.0 = Release|Any CPU
		{8571AB3C-8DAC-4691-85E1-505FDBEBB19E}.Debug|Any CPU.ActiveCfg = Debug|Any CPU
		{8571AB3C-8DAC-4691-85E1-505FDBEBB19E}.Debug|Any CPU.Build.0 = Debug|Any CPU
		{8571AB3C-8DAC-4691-85E1-505FDBEBB19E}.Release|Any CPU.ActiveCfg = Release|Any CPU
		{8571AB3C-8DAC-4691-85E1-505FDBEBB19E}.Release|Any CPU.Build.0 = Release|Any CPU
		{2BC74800-BA82-4F0E-9487-FC6F2E8C873A}.Debug|Any CPU.ActiveCfg = Debug|Any CPU
		{2BC74800-BA82-4F0E-9487-FC6F2E8C873A}.Debug|Any CPU.Build.0 = Debug|Any CPU
		{2BC74800-BA82-4F0E-9487-FC6F2E8C873A}.Release|Any CPU.ActiveCfg = Release|Any CPU
		{2BC74800-BA82-4F0E-9487-FC6F2E8C873A}.Release|Any CPU.Build.0 = Release|Any CPU
		{6FFF31A6-1F24-4C9A-BB2C-C5E0E8D3690C}.Debug|Any CPU.ActiveCfg = Debug|Any CPU
		{6FFF31A6-1F24-4C9A-BB2C-C5E0E8D3690C}.Debug|Any CPU.Build.0 = Debug|Any CPU
		{6FFF31A6-1F24-4C9A-BB2C-C5E0E8D3690C}.Release|Any CPU.ActiveCfg = Release|Any CPU
		{6FFF31A6-1F24-4C9A-BB2C-C5E0E8D3690C}.Release|Any CPU.Build.0 = Release|Any CPU
		{D3A004AF-DEBA-43EF-BFCF-E163F4E7793B}.Debug|Any CPU.ActiveCfg = Debug|Any CPU
		{D3A004AF-DEBA-43EF-BFCF-E163F4E7793B}.Debug|Any CPU.Build.0 = Debug|Any CPU
		{D3A004AF-DEBA-43EF-BFCF-E163F4E7793B}.Release|Any CPU.ActiveCfg = Release|Any CPU
		{D3A004AF-DEBA-43EF-BFCF-E163F4E7793B}.Release|Any CPU.Build.0 = Release|Any CPU
		{F3EB9E7D-6B99-433B-91AC-80DECFA40813}.Debug|Any CPU.ActiveCfg = Debug|Any CPU
		{F3EB9E7D-6B99-433B-91AC-80DECFA40813}.Debug|Any CPU.Build.0 = Debug|Any CPU
		{F3EB9E7D-6B99-433B-91AC-80DECFA40813}.Release|Any CPU.ActiveCfg = Release|Any CPU
		{F3EB9E7D-6B99-433B-91AC-80DECFA40813}.Release|Any CPU.Build.0 = Release|Any CPU
		{08FDFA48-550F-470D-A677-9A01A38F3703}.Debug|Any CPU.ActiveCfg = Debug|Any CPU
		{08FDFA48-550F-470D-A677-9A01A38F3703}.Debug|Any CPU.Build.0 = Debug|Any CPU
		{08FDFA48-550F-470D-A677-9A01A38F3703}.Release|Any CPU.ActiveCfg = Release|Any CPU
		{08FDFA48-550F-470D-A677-9A01A38F3703}.Release|Any CPU.Build.0 = Release|Any CPU
		{37BC4D60-3AA6-4F03-A6F9-33EFC1F3C8D5}.Debug|Any CPU.ActiveCfg = Debug|Any CPU
		{37BC4D60-3AA6-4F03-A6F9-33EFC1F3C8D5}.Debug|Any CPU.Build.0 = Debug|Any CPU
		{37BC4D60-3AA6-4F03-A6F9-33EFC1F3C8D5}.Release|Any CPU.ActiveCfg = Release|Any CPU
		{37BC4D60-3AA6-4F03-A6F9-33EFC1F3C8D5}.Release|Any CPU.Build.0 = Release|Any CPU
		{71A9D781-AD14-40ED-80E7-B65CCC10240B}.Debug|Any CPU.ActiveCfg = Debug|Any CPU
		{71A9D781-AD14-40ED-80E7-B65CCC10240B}.Debug|Any CPU.Build.0 = Debug|Any CPU
		{71A9D781-AD14-40ED-80E7-B65CCC10240B}.Release|Any CPU.ActiveCfg = Release|Any CPU
		{71A9D781-AD14-40ED-80E7-B65CCC10240B}.Release|Any CPU.Build.0 = Release|Any CPU
		{34ADD8CE-2E64-4813-A510-73CE9966086F}.Debug|Any CPU.ActiveCfg = Debug|Any CPU
		{34ADD8CE-2E64-4813-A510-73CE9966086F}.Debug|Any CPU.Build.0 = Debug|Any CPU
		{34ADD8CE-2E64-4813-A510-73CE9966086F}.Release|Any CPU.ActiveCfg = Release|Any CPU
		{34ADD8CE-2E64-4813-A510-73CE9966086F}.Release|Any CPU.Build.0 = Release|Any CPU
		{AD40A018-A690-4E40-B966-6C641504E441}.Debug|Any CPU.ActiveCfg = Debug|Any CPU
		{AD40A018-A690-4E40-B966-6C641504E441}.Debug|Any CPU.Build.0 = Debug|Any CPU
		{AD40A018-A690-4E40-B966-6C641504E441}.Release|Any CPU.ActiveCfg = Release|Any CPU
		{AD40A018-A690-4E40-B966-6C641504E441}.Release|Any CPU.Build.0 = Release|Any CPU
	EndGlobalSection
	GlobalSection(SolutionProperties) = preSolution
		HideSolutionNode = FALSE
	EndGlobalSection
EndGlobal
