
Microsoft Visual Studio Solution File, Format Version 10.00
# Visual C++ Express 2008
Project("{8BC9CEB8-8B4A-11D0-8D11-00A0C91BC942}") = "Durability", "Durability\Durability.vcproj", "{E6057375-899B-4127-91C1-76D2863DD279}"
EndProject
Project("{8BC9CEB8-8B4A-11D0-8D11-00A0C91BC942}") = "DurabilityDataPublisher", "DurabilityDataPublisher\DurabilityDataPublisher.vcproj", "{235F4181-D413-4E99-BF4F-15A85730E81C}"
	ProjectSection(ProjectDependencies) = postProject
		{E6057375-899B-4127-91C1-76D2863DD279} = {E6057375-899B-4127-91C1-76D2863DD279}
	EndProjectSection
EndProject
Project("{8BC9CEB8-8B4A-11D0-8D11-00A0C91BC942}") = "DurabilityDataSubscriber", "DurabilityDataSubscriber\DurabilityDataSubscriber.vcproj", "{E0035E46-9927-43DE-B96B-28E807C6CBE9}"
	ProjectSection(ProjectDependencies) = postProject
		{E6057375-899B-4127-91C1-76D2863DD279} = {E6057375-899B-4127-91C1-76D2863DD279}
	EndProjectSection
EndProject
Global
	GlobalSection(SolutionConfigurationPlatforms) = preSolution
		Debug|Win32 = Debug|Win32
		Release|Win32 = Release|Win32
	EndGlobalSection
	GlobalSection(ProjectConfigurationPlatforms) = postSolution
		{E6057375-899B-4127-91C1-76D2863DD279}.Debug|Win32.ActiveCfg = Debug|Win32
		{E6057375-899B-4127-91C1-76D2863DD279}.Debug|Win32.Build.0 = Debug|Win32
		{E6057375-899B-4127-91C1-76D2863DD279}.Release|Win32.ActiveCfg = Release|Win32
		{E6057375-899B-4127-91C1-76D2863DD279}.Release|Win32.Build.0 = Release|Win32
		{235F4181-D413-4E99-BF4F-15A85730E81C}.Debug|Win32.ActiveCfg = Debug|Win32
		{235F4181-D413-4E99-BF4F-15A85730E81C}.Debug|Win32.Build.0 = Debug|Win32
		{235F4181-D413-4E99-BF4F-15A85730E81C}.Release|Win32.ActiveCfg = Release|Win32
		{235F4181-D413-4E99-BF4F-15A85730E81C}.Release|Win32.Build.0 = Release|Win32
		{E0035E46-9927-43DE-B96B-28E807C6CBE9}.Debug|Win32.ActiveCfg = Debug|Win32
		{E0035E46-9927-43DE-B96B-28E807C6CBE9}.Debug|Win32.Build.0 = Debug|Win32
		{E0035E46-9927-43DE-B96B-28E807C6CBE9}.Release|Win32.ActiveCfg = Release|Win32
		{E0035E46-9927-43DE-B96B-28E807C6CBE9}.Release|Win32.Build.0 = Release|Win32
	EndGlobalSection
	GlobalSection(SolutionProperties) = preSolution
		HideSolutionNode = FALSE
	EndGlobalSection
EndGlobal
