
Microsoft Visual Studio Solution File, Format Version 9.00
# Visual Studio 2005
Project("{FAE04EC0-301F-11D3-BF4B-00C04F79EFBC}") = "Ping", "PingPong\Ping\Ping.csproj", "{52228A7F-AEFF-4ADD-BB23-C2C71DED3D4D}"
EndProject
Project("{FAE04EC0-301F-11D3-BF4B-00C04F79EFBC}") = "Pong", "PingPong\Pong\Pong.csproj", "{5D57345C-B83E-4D46-A679-423600154DC0}"
EndProject
Global
	GlobalSection(SolutionConfigurationPlatforms) = preSolution
		Debug|Any CPU = Debug|Any CPU
		Release|Any CPU = Release|Any CPU
	EndGlobalSection
	GlobalSection(ProjectConfigurationPlatforms) = postSolution
		{52228A7F-AEFF-4ADD-BB23-C2C71DED3D4D}.Debug|Any CPU.ActiveCfg = Debug|Any CPU
		{52228A7F-AEFF-4ADD-BB23-C2C71DED3D4D}.Debug|Any CPU.Build.0 = Debug|Any CPU
		{52228A7F-AEFF-4ADD-BB23-C2C71DED3D4D}.Release|Any CPU.ActiveCfg = Release|Any CPU
		{52228A7F-AEFF-4ADD-BB23-C2C71DED3D4D}.Release|Any CPU.Build.0 = Release|Any CPU
		{5D57345C-B83E-4D46-A679-423600154DC0}.Debug|Any CPU.ActiveCfg = Debug|Any CPU
		{5D57345C-B83E-4D46-A679-423600154DC0}.Debug|Any CPU.Build.0 = Debug|Any CPU
		{5D57345C-B83E-4D46-A679-423600154DC0}.Release|Any CPU.ActiveCfg = Release|Any CPU
		{5D57345C-B83E-4D46-A679-423600154DC0}.Release|Any CPU.Build.0 = Release|Any CPU
	EndGlobalSection
	GlobalSection(SolutionProperties) = preSolution
		HideSolutionNode = FALSE
	EndGlobalSection
EndGlobal
