Microsoft Visual Studio Solution File, Format Version 10.00
# Visual Studio 2008
Project("{FAE04EC0-301F-11D3-BF4B-00C04F79EFBC}") = "Ping", "PingPong\Ping\Ping.csproj", "{9410DE9C-CCB8-456C-9E25-50D82547AD69}"
EndProject
Project("{FAE04EC0-301F-11D3-BF4B-00C04F79EFBC}") = "Pong", "PingPong\Pong\Pong.csproj", "{99E80A15-2C72-40BB-990E-73FCFE206A3B}"
EndProject
Global
	GlobalSection(SolutionConfigurationPlatforms) = preSolution
		Debug|Any CPU = Debug|Any CPU
		Release|Any CPU = Release|Any CPU
	EndGlobalSection
	GlobalSection(ProjectConfigurationPlatforms) = postSolution
		{9410DE9C-CCB8-456C-9E25-50D82547AD69}.Debug|Any CPU.ActiveCfg = Debug|Any CPU
		{9410DE9C-CCB8-456C-9E25-50D82547AD69}.Debug|Any CPU.Build.0 = Debug|Any CPU
		{9410DE9C-CCB8-456C-9E25-50D82547AD69}.Release|Any CPU.ActiveCfg = Release|Any CPU
		{9410DE9C-CCB8-456C-9E25-50D82547AD69}.Release|Any CPU.Build.0 = Release|Any CPU
		{99E80A15-2C72-40BB-990E-73FCFE206A3B}.Debug|Any CPU.ActiveCfg = Debug|Any CPU
		{99E80A15-2C72-40BB-990E-73FCFE206A3B}.Debug|Any CPU.Build.0 = Debug|Any CPU
		{99E80A15-2C72-40BB-990E-73FCFE206A3B}.Release|Any CPU.ActiveCfg = Release|Any CPU
		{99E80A15-2C72-40BB-990E-73FCFE206A3B}.Release|Any CPU.Build.0 = Release|Any CPU
	EndGlobalSection
	GlobalSection(SolutionProperties) = preSolution
		HideSolutionNode = FALSE
	EndGlobalSection
EndGlobal
